
Microsoft Visual Studio Solution File, Format Version 12.00
# Visual Studio 15
VisualStudioVersion = 15.0.28307.271
MinimumVisualStudioVersion = 10.0.40219.1
Project("{8BC9CEB8-8B4A-11D0-8D11-00A0C91BC942}") = "BRUTE_FORCE", "BRUTE_FORCE\BRUTE_FORCE.vcxproj", "{9BF47EFE-2C32-4E73-89B8-70C9DEB3FF62}"
EndProject
Global
	GlobalSection(SolutionConfigurationPlatforms) = preSolution
		Debug|x64 = Debug|x64
		Release|x64 = Release|x64
	EndGlobalSection
	GlobalSection(ProjectConfigurationPlatforms) = postSolution
		{9BF47EFE-2C32-4E73-89B8-70C9DEB3FF62}.Debug|x64.ActiveCfg = Debug|x64
		{9BF47EFE-2C32-4E73-89B8-70C9DEB3FF62}.Debug|x64.Build.0 = Debug|x64
		{9BF47EFE-2C32-4E73-89B8-70C9DEB3FF62}.Release|x64.ActiveCfg = Release|x64
		{9BF47EFE-2C32-4E73-89B8-70C9DEB3FF62}.Release|x64.Build.0 = Release|x64
	EndGlobalSection
	GlobalSection(SolutionProperties) = preSolution
		HideSolutionNode = FALSE
	EndGlobalSection
	GlobalSection(ExtensibilityGlobals) = postSolution
		SolutionGuid = {0C89CEEB-E9F0-49D7-B62D-5F092ACEAF50}
	EndGlobalSection
EndGlobal
